version = 1
requires-python = ">=3.12"

[manifest]
members = [
    "ramen",
    "ramen-topping-torch",
]

[[package]]
name = "ramen"
version = "0.1.0"
source = { editable = "." }
dependencies = [
    { name = "uv" },
]

[package.dev-dependencies]
dev = [
    { name = "rust-just" },
]

[package.metadata]
requires-dist = [{ name = "uv", specifier = ">=0.5.4" }]

[package.metadata.requires-dev]
dev = [{ name = "rust-just", specifier = ">=1.36.0" }]

[[package]]
name = "ramen-topping-torch"
version = "0.1.0"
source = { editable = "toppings/ramen-topping-torch" }

[[package]]
name = "rust-just"
version = "1.36.0"
source = { registry = "https://pypi.org/simple" }
sdist = { url = "https://files.pythonhosted.org/packages/5e/cf/6a9b00a10a98abc74b3ab6e53f53a7e738090dd4db8183d6fe7a2a80bb43/rust_just-1.36.0.tar.gz", hash = "sha256:9e1dd70afdc23f7c1223ec90213e4186113a6d2c85179576dc12d2930ca3b1b5", size = 1371677 }
wheels = [
    { url = "https://files.pythonhosted.org/packages/7d/03/fa2a9ecc02c4ab0dd2d6758f8f79be5796018867df4633a6e697a625a8e2/rust_just-1.36.0-py3-none-macosx_10_12_x86_64.whl", hash = "sha256:b3bd511b681bcf5a7acc44134571e9016f70811b69f951395d876f8c605a0dbc", size = 1722391 },
    { url = "https://files.pythonhosted.org/packages/9b/dd/40d5513e89a37b068b0dde653422c00420371381c8fa233d47175dbdddc7/rust_just-1.36.0-py3-none-macosx_11_0_arm64.whl", hash = "sha256:4af6c6f4a5560bf6992624b994c590fa4cd4e5c6ace06e912c092456db76605d", size = 1596510 },
    { url = "https://files.pythonhosted.org/packages/f9/03/8fb8081e43f1834c2cc53513d0ac8eef5a6f3e67b7c7b30cf3b7087ff796/rust_just-1.36.0-py3-none-manylinux_2_17_aarch64.manylinux2014_aarch64.whl", hash = "sha256:c93cfacdd8ee0b37e4991d26e10636c4bebc1a5034e5dc7aa5ceb60c52deb594", size = 1763779 },
    { url = "https://files.pythonhosted.org/packages/04/56/f3c95e58bfdf402dd787c83b517e5d7fe95529a6f92414d9b3cbd284513f/rust_just-1.36.0-py3-none-manylinux_2_17_armv7l.manylinux2014_armv7l.whl", hash = "sha256:887a691b986e529db9441f219824743d3954869c5714c4193c99cdddd45a017a", size = 1769749 },
    { url = "https://files.pythonhosted.org/packages/6d/5a/798a8c1456519692904ea367275aba9cb642e8055469bee09a97d57acc45/rust_just-1.36.0-py3-none-manylinux_2_17_i686.manylinux2014_i686.whl", hash = "sha256:931c2645b55fbab70e646846613fcad0daa4fbd70e96d22f5a4be7c6898cb101", size = 1844813 },
    { url = "https://files.pythonhosted.org/packages/76/8a/5562ceade5bbc6ac3abf96925964b445abd7d49f93f54b09034a14b768a4/rust_just-1.36.0-py3-none-manylinux_2_17_ppc64le.manylinux2014_ppc64le.whl", hash = "sha256:bc771bb42be9f84e71e4796dfdf01f80f5c061d9c8065e375d0d54dda0177391", size = 1905175 },
    { url = "https://files.pythonhosted.org/packages/5a/d7/d34891a5347f2d1f3e3ed0644a54541aef0fb17691604f77a5be6d82b2b1/rust_just-1.36.0-py3-none-manylinux_2_17_s390x.manylinux2014_s390x.whl", hash = "sha256:5edcc088acfb6d3d5dc6912e742133ff0909d07b5db2f4874648078ccfb44e94", size = 2339272 },
    { url = "https://files.pythonhosted.org/packages/14/17/43ae69d6bd8f92e7f5b4de299f69ae06fd8c6e6170158abbfb0ee829162e/rust_just-1.36.0-py3-none-manylinux_2_17_x86_64.manylinux2014_x86_64.whl", hash = "sha256:24aaa7b9defd41e020c62431b6bf068bdabe57c2938659ce7f513555dc98c100", size = 1843765 },
    { url = "https://files.pythonhosted.org/packages/88/a5/248d0a2f4d07203eb93276d6a9799cde4a693d9c8355b4528a0dd81f63e8/rust_just-1.36.0-py3-none-musllinux_1_2_aarch64.whl", hash = "sha256:da69002d29f88796543787c3bd7a42643ce4a94b83b8e52ee87e27d98e6707d6", size = 1726161 },
    { url = "https://files.pythonhosted.org/packages/fc/4c/ae3a36325bd8bee565daf3f1c809fb827dca5062b783db0226ff79121870/rust_just-1.36.0-py3-none-musllinux_1_2_armv7l.whl", hash = "sha256:c63f525cc8521c7dd912f68ae74a44f91ffc411cbadf4b7711ca508dde78c17a", size = 1722340 },
    { url = "https://files.pythonhosted.org/packages/78/c3/86c4397bf29fb911acd1f3a5f77484f9551418297c1dd446e530fac92064/rust_just-1.36.0-py3-none-musllinux_1_2_i686.whl", hash = "sha256:31d1f4f654ee8995d0223abc4306c28c6f771ea1fa8df60154d1e93ceb16be09", size = 1765119 },
    { url = "https://files.pythonhosted.org/packages/12/3d/4b75b529a61db178d0e43b8d3b5bb2a17f213efd7f859e7bd98adb35caf8/rust_just-1.36.0-py3-none-musllinux_1_2_x86_64.whl", hash = "sha256:a6e2194f6c01a152aa8d55e10f092e581000360f74de3d59eb288628c033cf7a", size = 1827204 },
    { url = "https://files.pythonhosted.org/packages/9c/ec/719420c799eee63166340ae00b88a16e44be8f29dadde72f8853a3053152/rust_just-1.36.0-py3-none-win32.whl", hash = "sha256:24e362a56104d2ff20b9116a4ea8d907ddaba9915c4714d3fc5a7936133961c3", size = 1516040 },
    { url = "https://files.pythonhosted.org/packages/72/33/fdcf2af7dd7fc9648452bb4b9a3515e991ee98df1f78a9cdd2b87c2f8cc9/rust_just-1.36.0-py3-none-win_amd64.whl", hash = "sha256:8556842d70d49ab4872ba179d375f3eba0473e00f11da07b2ca7391e3e6ecf96", size = 1644006 },
]

[[package]]
name = "uv"
version = "0.5.4"
source = { registry = "https://pypi.org/simple" }
sdist = { url = "https://files.pythonhosted.org/packages/18/ad/66cc8e00c217e7fcf76598c880632b480aa38d4cad311596b78e99737498/uv-0.5.4.tar.gz", hash = "sha256:cd7a5a3a36f975a7678f27849a2d49bafe7272143d938e9b6f3bf28392a3ba00", size = 2315678 }
wheels = [
    { url = "https://files.pythonhosted.org/packages/2b/3e/6bf24d7bb0d11715ea783ecabcacdecdc8c51fca0144fcdad2090d65bae5/uv-0.5.4-py3-none-linux_armv6l.whl", hash = "sha256:2118bb99cbc9787cb5e5cc4a507201e25a3fe88a9f389e8ffb84f242d96038c2", size = 13853445 },
    { url = "https://files.pythonhosted.org/packages/b8/be/c3acbe2944cd694a5d61a7a461468fa886512c84014545bb8f3244092eaa/uv-0.5.4-py3-none-macosx_10_12_x86_64.whl", hash = "sha256:4432215deb8d5c1ccab17ee51cb80f5de1a20865ee02df47532f87442a3d6a58", size = 13969300 },
    { url = "https://files.pythonhosted.org/packages/1f/c5/06e3b93045179b92d75cf94e6e224baec3226070f1cbc0e11d4898300b54/uv-0.5.4-py3-none-macosx_11_0_arm64.whl", hash = "sha256:f40c6c6c3a1b398b56d3a8b28f7b455ac1ce4cbb1469f8d35d3bbc804d83daa4", size = 12932325 },
    { url = "https://files.pythonhosted.org/packages/b8/f9/06ab86e9f0c270c495077ef2b588458172ed84f9c337de725c8b08872354/uv-0.5.4-py3-none-manylinux_2_17_aarch64.manylinux2014_aarch64.musllinux_1_1_aarch64.whl", hash = "sha256:df3cb58b7da91f4fc647d09c3e96006cd6c7bd424a81ce2308a58593c6887c39", size = 13183356 },
    { url = "https://files.pythonhosted.org/packages/c1/cb/bee01ef23e5020dc1f12d86ca8f82e95a723585db3ec64bfab4016e5616c/uv-0.5.4-py3-none-manylinux_2_17_armv7l.manylinux2014_armv7l.whl", hash = "sha256:dd2df2ba823e6684230ab4c581f2320be38d7f46de11ce21d2dbba631470d7b6", size = 13622310 },
    { url = "https://files.pythonhosted.org/packages/19/4b/128fd874151919c71af51f528db28964e6d8e509fff12210ec9ba99b13fb/uv-0.5.4-py3-none-manylinux_2_17_i686.manylinux2014_i686.whl", hash = "sha256:928ed95fefe4e1338d0a7ad2f6b635de59e2ec92adaed4a267f7501a3b252263", size = 14207832 },
    { url = "https://files.pythonhosted.org/packages/b1/2b/0fed8a49440494f6806dcb67021ca8f14d46f45a665235fc153791e19574/uv-0.5.4-py3-none-manylinux_2_17_ppc64.manylinux2014_ppc64.whl", hash = "sha256:05b45c7eefb178dcdab0d49cd642fb7487377d00727102a8d6d306cc034c0d83", size = 14878796 },
    { url = "https://files.pythonhosted.org/packages/c9/35/a6dc404d4d8884e26ad7bda004c101972fe7d81f86546a8628272812b897/uv-0.5.4-py3-none-manylinux_2_17_ppc64le.manylinux2014_ppc64le.whl", hash = "sha256:ed5659cde099f39995f4cb793fd939d2260b4a26e4e29412c91e7537f53d8d25", size = 14687838 },
    { url = "https://files.pythonhosted.org/packages/74/9e/c2ebf66b90d48def06cda29626bb38068418ed135ca903beb293825ef66d/uv-0.5.4-py3-none-manylinux_2_17_s390x.manylinux2014_s390x.whl", hash = "sha256:f07e5e0df40a09154007da41b76932671333f9fecb0735c698b19da25aa08927", size = 18960541 },
    { url = "https://files.pythonhosted.org/packages/3d/67/28a8b4c23920ae1b1b0103ebae2fa176bd5677c4353b5e814a51bd183285/uv-0.5.4-py3-none-manylinux_2_17_x86_64.manylinux2014_x86_64.whl", hash = "sha256:30ce031e36c54d4ba791d743d992d0a4fd8d70480db781d30a2f6f5125f39194", size = 14471756 },
    { url = "https://files.pythonhosted.org/packages/e9/1c/9698818f4c5493dfd5ab0899a90eee789cac214de2f171220bcdfaefc93a/uv-0.5.4-py3-none-manylinux_2_28_aarch64.whl", hash = "sha256:ca72e6a4c3c6b8b5605867e16a7f767f5c99b7f526de6bbb903c60eb44fd1e01", size = 13389089 },
    { url = "https://files.pythonhosted.org/packages/0b/30/31a9985d84ffb63fb9212fa2b565497e0ceb581be055e5cc760afbe26b11/uv-0.5.4-py3-none-musllinux_1_1_armv7l.whl", hash = "sha256:69079e900bd26b0f65069ac6fa684c74662ed87121c076f2b1cbcf042539034c", size = 13612748 },
    { url = "https://files.pythonhosted.org/packages/26/8d/bae613187ba88d74f0268246ce140f23d399bab96d2cbc055d6e4adafd09/uv-0.5.4-py3-none-musllinux_1_1_i686.whl", hash = "sha256:8d7a4a3df943a7c16cd032ccbaab8ed21ff64f4cb090b3a0a15a8b7502ccd876", size = 13946421 },
    { url = "https://files.pythonhosted.org/packages/0e/22/efd1eec81a566139bced68f4bd140c275edac3dac1bd6236cf8d756423db/uv-0.5.4-py3-none-musllinux_1_1_ppc64le.whl", hash = "sha256:f511faf719b797ef0f14688f1abe20b3fd126209cf58512354d1813249745119", size = 15752913 },
    { url = "https://files.pythonhosted.org/packages/49/b2/0cc4ae143b9605c25e75772aea22876b5875db79982ba62bb6f8d3099fab/uv-0.5.4-py3-none-musllinux_1_1_x86_64.whl", hash = "sha256:f806af0ee451a81099c449c4cff0e813056fdf7dd264f3d3a8fd321b17ff9efc", size = 14599503 },
    { url = "https://files.pythonhosted.org/packages/51/9a/33d40a5068fd37c4f7b4fa82396e3ee90a691cd256f364ff398612c1d5d4/uv-0.5.4-py3-none-win32.whl", hash = "sha256:a79a0885df364b897da44aae308e6ed9cca3a189d455cf1c205bd6f7b03daafa", size = 13749570 },
    { url = "https://files.pythonhosted.org/packages/b1/c8/827e4da65cbdab2c1619767a68ab99a31de078e511b71ca9f24777df33f9/uv-0.5.4-py3-none-win_amd64.whl", hash = "sha256:493aedc3c758bbaede83ecc8d5f7e6a9279ebec151c7f756aa9ea898c73f8ddb", size = 15573613 },
]
